
Microsoft Visual Studio Solution File, Format Version 12.00
# Visual Studio Version 17
VisualStudioVersion = 17.10.35013.160
MinimumVisualStudioVersion = 10.0.40219.1
Project("{2150E333-8FDC-42A3-9474-1A3956D46DE8}") = "Services", "Services", "{93B4C22F-8146-4262-BAEC-E007E862F347}"
EndProject
Project("{2150E333-8FDC-42A3-9474-1A3956D46DE8}") = "MessangerIntegrations", "MessangerIntegrations", "{B284E7E4-6A01-444D-B30D-A71D903378EA}"
EndProject
Project("{2150E333-8FDC-42A3-9474-1A3956D46DE8}") = "TelegramService", "TelegramService", "{F3EE522E-ACBB-437C-BCDE-9AF318590F4F}"
EndProject
Project("{2150E333-8FDC-42A3-9474-1A3956D46DE8}") = "Core", "Core", "{3F307AB6-B4BC-4B6E-9265-1F57FC23E1F6}"
EndProject
Project("{2150E333-8FDC-42A3-9474-1A3956D46DE8}") = "Infrastructure", "Infrastructure", "{685496F2-3438-4230-9B9F-7B8FBE3D3326}"
EndProject
Project("{2150E333-8FDC-42A3-9474-1A3956D46DE8}") = "Presentation", "Presentation", "{4B842511-D9E8-4641-8123-7CE95FDFE773}"
EndProject
Project("{9A19103F-16F7-4668-BE54-9A1E7A4F7556}") = "TelegramService.Api", "Services\MessangerIntegrations\TelegramService\Presentation\TelegramService.Api\TelegramService.Api.csproj", "{14B1C9E4-B42D-4F38-8DA1-D8A7987805D8}"
EndProject
Project("{2150E333-8FDC-42A3-9474-1A3956D46DE8}") = "DictionaryService", "DictionaryService", "{599822DD-C8E9-4ADA-9B86-45F2BF51EB7B}"
EndProject
Project("{2150E333-8FDC-42A3-9474-1A3956D46DE8}") = "AnalyticService", "AnalyticService", "{E7EE5F72-7574-46F2-A23C-A410783B3854}"
EndProject
Project("{2150E333-8FDC-42A3-9474-1A3956D46DE8}") = "UserService", "UserService", "{9D4C710E-7EE6-41F0-8591-A19F8CBA8614}"
EndProject
Project("{2150E333-8FDC-42A3-9474-1A3956D46DE8}") = "Clients", "Clients", "{1B7B3568-00C3-4593-A0A0-D8C1D9A6C0E9}"
EndProject
Project("{2150E333-8FDC-42A3-9474-1A3956D46DE8}") = "Server", "Server", "{C5527D88-0816-48E0-8A49-ACD9100996AC}"
EndProject
Project("{2150E333-8FDC-42A3-9474-1A3956D46DE8}") = "Core", "Core", "{97B32C40-171E-405B-8B43-D867EECA6C3E}"
EndProject
Project("{2150E333-8FDC-42A3-9474-1A3956D46DE8}") = "Infrastructure", "Infrastructure", "{3FA5E9F2-4576-483C-82AD-0C80BDF1BF92}"
EndProject
Project("{2150E333-8FDC-42A3-9474-1A3956D46DE8}") = "Presentation", "Presentation", "{1C5B0DA9-A14F-42D5-B5A8-F37ECA766B50}"
EndProject
Project("{2150E333-8FDC-42A3-9474-1A3956D46DE8}") = "Web", "Web", "{7597E2FE-2A68-4EAB-8735-2D9C9BE9A7F8}"
EndProject
Project("{2150E333-8FDC-42A3-9474-1A3956D46DE8}") = "App", "App", "{B04C7AB8-9A0B-41E0-B974-10A14BB4B5F0}"
EndProject
Project("{2150E333-8FDC-42A3-9474-1A3956D46DE8}") = "TranslateService", "TranslateService", "{2E97E52D-D33C-4E82-BDC0-F2933CA180B7}"
EndProject
Project("{FAE04EC0-301F-11D3-BF4B-00C04F79EFBC}") = "TelegramService.Domain", "Services\MessangerIntegrations\TelegramService\Core\TelegramService.Domain\TelegramService.Domain.csproj", "{9BD4589F-C304-4410-AF3B-C4E72FC442EE}"
EndProject
Project("{FAE04EC0-301F-11D3-BF4B-00C04F79EFBC}") = "TelegramService.Application", "Services\MessangerIntegrations\TelegramService\Core\TelegramService.Application\TelegramService.Application.csproj", "{A99D3DAC-41E0-4DDF-A4F7-9141C825CF0A}"
EndProject
Project("{FAE04EC0-301F-11D3-BF4B-00C04F79EFBC}") = "TelegramService.Persistence", "Services\MessangerIntegrations\TelegramService\Infrastructure\TelegramService.Persistence\TelegramService.Persistence.csproj", "{4B2A6A60-403D-4685-9E82-0F2674D01AA5}"
EndProject
Global
	GlobalSection(SolutionConfigurationPlatforms) = preSolution
		Debug|Any CPU = Debug|Any CPU
		Release|Any CPU = Release|Any CPU
	EndGlobalSection
	GlobalSection(ProjectConfigurationPlatforms) = postSolution
		{14B1C9E4-B42D-4F38-8DA1-D8A7987805D8}.Debug|Any CPU.ActiveCfg = Debug|Any CPU
		{14B1C9E4-B42D-4F38-8DA1-D8A7987805D8}.Debug|Any CPU.Build.0 = Debug|Any CPU
		{14B1C9E4-B42D-4F38-8DA1-D8A7987805D8}.Release|Any CPU.ActiveCfg = Release|Any CPU
		{14B1C9E4-B42D-4F38-8DA1-D8A7987805D8}.Release|Any CPU.Build.0 = Release|Any CPU
		{9BD4589F-C304-4410-AF3B-C4E72FC442EE}.Debug|Any CPU.ActiveCfg = Debug|Any CPU
		{9BD4589F-C304-4410-AF3B-C4E72FC442EE}.Debug|Any CPU.Build.0 = Debug|Any CPU
		{9BD4589F-C304-4410-AF3B-C4E72FC442EE}.Release|Any CPU.ActiveCfg = Release|Any CPU
		{9BD4589F-C304-4410-AF3B-C4E72FC442EE}.Release|Any CPU.Build.0 = Release|Any CPU
		{A99D3DAC-41E0-4DDF-A4F7-9141C825CF0A}.Debug|Any CPU.ActiveCfg = Debug|Any CPU
		{A99D3DAC-41E0-4DDF-A4F7-9141C825CF0A}.Debug|Any CPU.Build.0 = Debug|Any CPU
		{A99D3DAC-41E0-4DDF-A4F7-9141C825CF0A}.Release|Any CPU.ActiveCfg = Release|Any CPU
		{A99D3DAC-41E0-4DDF-A4F7-9141C825CF0A}.Release|Any CPU.Build.0 = Release|Any CPU
		{4B2A6A60-403D-4685-9E82-0F2674D01AA5}.Debug|Any CPU.ActiveCfg = Debug|Any CPU
		{4B2A6A60-403D-4685-9E82-0F2674D01AA5}.Debug|Any CPU.Build.0 = Debug|Any CPU
		{4B2A6A60-403D-4685-9E82-0F2674D01AA5}.Release|Any CPU.ActiveCfg = Release|Any CPU
		{4B2A6A60-403D-4685-9E82-0F2674D01AA5}.Release|Any CPU.Build.0 = Release|Any CPU
	EndGlobalSection
	GlobalSection(SolutionProperties) = preSolution
		HideSolutionNode = FALSE
	EndGlobalSection
	GlobalSection(NestedProjects) = preSolution
		{B284E7E4-6A01-444D-B30D-A71D903378EA} = {93B4C22F-8146-4262-BAEC-E007E862F347}
		{F3EE522E-ACBB-437C-BCDE-9AF318590F4F} = {B284E7E4-6A01-444D-B30D-A71D903378EA}
		{3F307AB6-B4BC-4B6E-9265-1F57FC23E1F6} = {F3EE522E-ACBB-437C-BCDE-9AF318590F4F}
		{685496F2-3438-4230-9B9F-7B8FBE3D3326} = {F3EE522E-ACBB-437C-BCDE-9AF318590F4F}
		{4B842511-D9E8-4641-8123-7CE95FDFE773} = {F3EE522E-ACBB-437C-BCDE-9AF318590F4F}
		{14B1C9E4-B42D-4F38-8DA1-D8A7987805D8} = {4B842511-D9E8-4641-8123-7CE95FDFE773}
		{599822DD-C8E9-4ADA-9B86-45F2BF51EB7B} = {93B4C22F-8146-4262-BAEC-E007E862F347}
		{E7EE5F72-7574-46F2-A23C-A410783B3854} = {93B4C22F-8146-4262-BAEC-E007E862F347}
		{9D4C710E-7EE6-41F0-8591-A19F8CBA8614} = {93B4C22F-8146-4262-BAEC-E007E862F347}
		{97B32C40-171E-405B-8B43-D867EECA6C3E} = {C5527D88-0816-48E0-8A49-ACD9100996AC}
		{3FA5E9F2-4576-483C-82AD-0C80BDF1BF92} = {C5527D88-0816-48E0-8A49-ACD9100996AC}
		{1C5B0DA9-A14F-42D5-B5A8-F37ECA766B50} = {C5527D88-0816-48E0-8A49-ACD9100996AC}
		{7597E2FE-2A68-4EAB-8735-2D9C9BE9A7F8} = {1B7B3568-00C3-4593-A0A0-D8C1D9A6C0E9}
		{B04C7AB8-9A0B-41E0-B974-10A14BB4B5F0} = {1B7B3568-00C3-4593-A0A0-D8C1D9A6C0E9}
		{2E97E52D-D33C-4E82-BDC0-F2933CA180B7} = {93B4C22F-8146-4262-BAEC-E007E862F347}
		{9BD4589F-C304-4410-AF3B-C4E72FC442EE} = {3F307AB6-B4BC-4B6E-9265-1F57FC23E1F6}
		{A99D3DAC-41E0-4DDF-A4F7-9141C825CF0A} = {3F307AB6-B4BC-4B6E-9265-1F57FC23E1F6}
		{4B2A6A60-403D-4685-9E82-0F2674D01AA5} = {685496F2-3438-4230-9B9F-7B8FBE3D3326}
	EndGlobalSection
	GlobalSection(ExtensibilityGlobals) = postSolution
		SolutionGuid = {1AB01860-B72D-409D-8C5F-D42F79A102A3}
	EndGlobalSection
EndGlobal
